<?xml version="1.0" encoding="utf-8"?>
<Project ToolsVersion="4.0" xmlns="http://schemas.microsoft.com/developer/msbuild/2003">
  <ItemGroup>
    <ClCompile Include="Tools.cpp">
      <Filter>Source</Filter>
    </ClCompile>
    <ClCompile Include="Game.cpp">
      <Filter>Source</Filter>
    </ClCompile>
    <ClCompile Include="Main.cpp">
      <Filter>Main</Filter>
    </ClCompile>
    <ClCompile Include="Loaders.cpp">
      <Filter>Source</Filter>
    </ClCompile>
    <ClCompile Include="Player.cpp">
      <Filter>Source</Filter>
    </ClCompile>
    <ClCompile Include="Enemy.cpp">
      <Filter>Source</Filter>
    </ClCompile>
    <ClCompile Include="EntityParams.cpp">
      <Filter>Source</Filter>
    </ClCompile>
    <ClCompile Include="LivingEntity.cpp">
      <Filter>Source</Filter>
    </ClCompile>
    <ClCompile Include="Vector2D.cpp">
      <Filter>Source</Filter>
    </ClCompile>
    <ClCompile Include="GameStates.cpp">
      <Filter>Source</Filter>
    </ClCompile>
    <ClCompile Include="Button.cpp">
      <Filter>Source</Filter>
    </ClCompile>
    <ClCompile Include="StateManager.cpp">
      <Filter>Source</Filter>
    </ClCompile>
    <ClCompile Include="StateParser.cpp">
      <Filter>Source</Filter>
    </ClCompile>
    <ClCompile Include="EventHandler.cpp">
      <Filter>Source</Filter>
    </ClCompile>
    <ClCompile Include="InertEntity.cpp">
      <Filter>Source</Filter>
    </ClCompile>
    <ClCompile Include="EntityFactory.cpp">
      <Filter>Source</Filter>
    </ClCompile>
  </ItemGroup>
  <ItemGroup>
    <ClInclude Include="Game.h">
      <Filter>Headers</Filter>
    </ClInclude>
    <ClInclude Include="Tools.h">
      <Filter>Headers</Filter>
    </ClInclude>
    <ClInclude Include="Loaders.h">
      <Filter>Headers</Filter>
    </ClInclude>
    <ClInclude Include="Player.h">
      <Filter>Headers</Filter>
    </ClInclude>
    <ClInclude Include="Entity.h">
      <Filter>Headers</Filter>
    </ClInclude>
    <ClInclude Include="Enemy.h">
      <Filter>Headers</Filter>
    </ClInclude>
    <ClInclude Include="EntityParams.h">
      <Filter>Headers</Filter>
    </ClInclude>
    <ClInclude Include="LivingEntity.h">
      <Filter>Headers</Filter>
    </ClInclude>
    <ClInclude Include="Vector2D.h">
      <Filter>Headers</Filter>
    </ClInclude>
    <ClInclude Include="GameStates.h">
      <Filter>Headers</Filter>
    </ClInclude>
    <ClInclude Include="Button.h">
      <Filter>Headers</Filter>
    </ClInclude>
    <ClInclude Include="StateManager.h">
      <Filter>Headers</Filter>
    </ClInclude>
    <ClInclude Include="AllEntities.hpp">
      <Filter>Headers</Filter>
    </ClInclude>
    <ClInclude Include="StateParser.h">
      <Filter>Headers</Filter>
    </ClInclude>
    <ClInclude Include="EventHandler.h">
      <Filter>Headers</Filter>
    </ClInclude>
    <ClInclude Include="InertEntity.h">
      <Filter>Headers</Filter>
    </ClInclude>
    <ClInclude Include="EntityFactory.h">
      <Filter>Headers</Filter>
    </ClInclude>
  </ItemGroup>
  <ItemGroup>
    <Filter Include="Headers">
      <UniqueIdentifier>{37f3cde9-077a-4efa-a0ca-4ba52db7e434}</UniqueIdentifier>
      <Extensions>*.h</Extensions>
    </Filter>
    <Filter Include="Source">
      <UniqueIdentifier>{fc810161-47fd-492d-9173-de61372a021f}</UniqueIdentifier>
      <Extensions>*.cpp;*.c</Extensions>
    </Filter>
    <Filter Include="Main">
      <UniqueIdentifier>{63c08023-6169-49c1-8229-dfdf065f50f0}</UniqueIdentifier>
    </Filter>
  </ItemGroup>
</Project>